{
  "nodes": {
    "agenix": {
      "inputs": {
        "nixpkgs": [
          "nixpkgs"
        ]
      },
      "locked": {
        "lastModified": 1662241716,
        "narHash": "sha256-urqPvSvvGUhkwzTDxUI8N1nsdMysbAfjmBNZaTYBZRU=",
        "owner": "ryantm",
        "repo": "agenix",
        "rev": "c96da5835b76d3d8e8d99a0fec6fe32f8539ee2e",
        "type": "github"
      },
      "original": {
        "owner": "ryantm",
        "repo": "agenix",
        "type": "github"
      }
    },
    "flake-utils": {
      "locked": {
        "lastModified": 1659877975,
        "narHash": "sha256-zllb8aq3YO3h8B/U0/J1WBgAL8EX5yWf5pMj3G0NAmc=",
        "owner": "numtide",
        "repo": "flake-utils",
        "rev": "c0e246b9b83f637f4681389ecabcb2681b4f3af0",
        "type": "github"
      },
      "original": {
        "owner": "numtide",
        "repo": "flake-utils",
        "type": "github"
      }
    },
    "home-manager": {
      "inputs": {
        "nixpkgs": [
          "nixpkgs"
        ],
        "utils": "utils"
      },
      "locked": {
        "lastModified": 1663227421,
        "narHash": "sha256-8M2ZQPLQw0CUylKbF8pgDMQ5vxOH4i0rxwUhtPIsf7Q=",
        "owner": "nix-community",
        "repo": "home-manager",
        "rev": "5408e27961599b1350b651f88715daf6e67244a7",
        "type": "github"
      },
      "original": {
        "owner": "nix-community",
        "repo": "home-manager",
        "type": "github"
      }
    },
    "hosts": {
      "inputs": {
        "flake-utils": "flake-utils",
        "nixpkgs": "nixpkgs"
      },
      "locked": {
        "lastModified": 1663104981,
        "narHash": "sha256-YB/3v6qMz/iERRV/AvbOMoLgtqHdXarCrZApfUqzwmo=",
        "owner": "StevenBlack",
        "repo": "hosts",
        "rev": "d04c00df13ea992b299f87ef25e1333daf83b101",
        "type": "github"
      },
      "original": {
        "owner": "StevenBlack",
        "repo": "hosts",
        "type": "github"
      }
    },
    "nixos-hardware": {
      "locked": {
        "lastModified": 1663229557,
        "narHash": "sha256-1uU4nsDLXKG0AHc/VCsNBAEPkTA/07juYhcEWRb1O1E=",
        "owner": "NixOS",
        "repo": "nixos-hardware",
        "rev": "a0df6cd6e199df4a78c833c273781ea92fa62cfb",
        "type": "github"
      },
      "original": {
        "owner": "NixOS",
        "ref": "master",
        "repo": "nixos-hardware",
        "type": "github"
      }
    },
    "nixpkgs": {
      "locked": {
        "lastModified": 1663235518,
        "narHash": "sha256-q8zLK6rK/CLXEguaPgm9yQJcY0VQtOBhAT9EV2UFK/A=",
        "owner": "NixOS",
        "repo": "nixpkgs",
        "rev": "2277e4c9010b0f27585eb0bed0a86d7cbc079354",
        "type": "github"
      },
      "original": {
        "id": "nixpkgs",
        "type": "indirect"
      }
    },
    "nixpkgs-custom": {
      "locked": {
        "lastModified": 0,
        "narHash": "sha256-Mr2+FVzo12wlS2CRp+3ZU4MAwzxX3sxzeNUuv0+y2dA=",
        "path": "/home/robert/code/nixpkgs",
        "type": "path"
      },
      "original": {
        "path": "/home/robert/code/nixpkgs",
        "type": "path"
      }
    },
    "nixpkgs_2": {
      "locked": {
        "lastModified": 1663178737,
        "narHash": "sha256-ayOtdyoNx6BqJtTYVzdQCDz/YWb67TY/CMGacFCgNQo=",
        "owner": "NixOS",
        "repo": "nixpkgs",
        "rev": "1158501e7c7cba26d922723cf9f70099995eb755",
        "type": "github"
      },
      "original": {
        "owner": "NixOS",
        "ref": "nixos-unstable",
        "repo": "nixpkgs",
        "type": "github"
      }
    },
    "root": {
      "inputs": {
        "agenix": "agenix",
        "home-manager": "home-manager",
        "hosts": "hosts",
        "nixos-hardware": "nixos-hardware",
        "nixpkgs": "nixpkgs_2",
        "nixpkgs-custom": "nixpkgs-custom"
      }
    },
    "utils": {
      "locked": {
        "lastModified": 1659877975,
        "narHash": "sha256-zllb8aq3YO3h8B/U0/J1WBgAL8EX5yWf5pMj3G0NAmc=",
        "owner": "numtide",
        "repo": "flake-utils",
        "rev": "c0e246b9b83f637f4681389ecabcb2681b4f3af0",
        "type": "github"
      },
      "original": {
        "owner": "numtide",
        "repo": "flake-utils",
        "type": "github"
      }
    }
  },
  "root": "root",
  "version": 7
}
