{
  "nodes": {
    "flake-utils": {
      "locked": {
        "lastModified": 1649676176,
        "narHash": "sha256-OWKJratjt2RW151VUlJPRALb7OU2S5s+f0vLj4o1bHM=",
        "owner": "numtide",
        "repo": "flake-utils",
        "rev": "a4b154ebbdc88c8498a5c7b01589addc9e9cb678",
        "type": "github"
      },
      "original": {
        "owner": "numtide",
        "repo": "flake-utils",
        "type": "github"
      }
    },
    "home-manager": {
      "inputs": {
        "nixpkgs": [
          "nixpkgs"
        ]
      },
      "locked": {
        "lastModified": 1651616957,
        "narHash": "sha256-L1Chwdxsa3VusVDgViNk7q4EIC/h8Ndw7YYKVDDRkyU=",
        "owner": "nix-community",
        "repo": "home-manager",
        "rev": "c13ffa3ed42a653c058d78771f4ff0ef8798e7fd",
        "type": "github"
      },
      "original": {
        "owner": "nix-community",
        "repo": "home-manager",
        "type": "github"
      }
    },
    "hosts": {
      "inputs": {
        "flake-utils": "flake-utils",
        "nixpkgs": "nixpkgs"
      },
      "locked": {
        "lastModified": 1650897875,
        "narHash": "sha256-pNAQ58JeB1tHR+mI+igT/gQoZcut0div545Wm9mF9eE=",
        "owner": "StevenBlack",
        "repo": "hosts",
        "rev": "65a1906ae98ccd3c681f3743bc3663f46a41a6e5",
        "type": "github"
      },
      "original": {
        "owner": "StevenBlack",
        "repo": "hosts",
        "type": "github"
      }
    },
    "nixos-hardware": {
      "locked": {
        "lastModified": 1650522846,
        "narHash": "sha256-SxWHXRI3qJwswyXAtzsi6PKVY3KLNNnb072KaJthII8=",
        "owner": "NixOS",
        "repo": "nixos-hardware",
        "rev": "6b4ebea9093c997c5f275c820e679108de4871ab",
        "type": "github"
      },
      "original": {
        "owner": "NixOS",
        "ref": "master",
        "repo": "nixos-hardware",
        "type": "github"
      }
    },
    "nixpkgs": {
      "locked": {
        "lastModified": 1650970888,
        "narHash": "sha256-K0Qk6YbkyxBbszkBKCxsLA+jrQpaecf0X8iIO8frS48=",
        "owner": "NixOS",
        "repo": "nixpkgs",
        "rev": "27a62a9c603d0d832141682cb4f34964d7b48ebb",
        "type": "github"
      },
      "original": {
        "id": "nixpkgs",
        "type": "indirect"
      }
    },
    "nixpkgs-anki": {
      "locked": {
        "lastModified": 1650312861,
        "narHash": "sha256-M+4SlTXv5150101vzrvVxt/Yl497Sz3iey4x/kXZ674=",
        "owner": "dnaq",
        "repo": "nixpkgs",
        "rev": "f01ef08710b9d58f7984d4427615622381341c89",
        "type": "github"
      },
      "original": {
        "owner": "dnaq",
        "ref": "anki-2.1.50",
        "repo": "nixpkgs",
        "type": "github"
      }
    },
    "nixpkgs-custom": {
      "locked": {
        "lastModified": 0,
        "narHash": "sha256-Dw8ThKzWG+4aGz7/bm0WKDeA/w6Geo2ZCIfZSZeBUGA=",
        "path": "/home/robert/code/nixpkgs",
        "type": "path"
      },
      "original": {
        "path": "/home/robert/code/nixpkgs",
        "type": "path"
      }
    },
    "nixpkgs_2": {
      "locked": {
        "lastModified": 1651007983,
        "narHash": "sha256-GNay7yDPtLcRcKCNHldug85AhAvBpTtPEJWSSDYBw8U=",
        "owner": "NixOS",
        "repo": "nixpkgs",
        "rev": "e10da1c7f542515b609f8dfbcf788f3d85b14936",
        "type": "github"
      },
      "original": {
        "owner": "NixOS",
        "ref": "nixos-unstable",
        "repo": "nixpkgs",
        "type": "github"
      }
    },
    "root": {
      "inputs": {
        "home-manager": "home-manager",
        "hosts": "hosts",
        "nixos-hardware": "nixos-hardware",
        "nixpkgs": "nixpkgs_2",
        "nixpkgs-anki": "nixpkgs-anki",
        "nixpkgs-custom": "nixpkgs-custom"
      }
    }
  },
  "root": "root",
  "version": 7
}
