{
  "nodes": {
    "flake-utils": {
      "locked": {
        "lastModified": 1667395993,
        "narHash": "sha256-nuEHfE/LcWyuSWnS8t12N1wc105Qtau+/OdUAjtQ0rA=",
        "owner": "numtide",
        "repo": "flake-utils",
        "rev": "5aed5285a952e0b949eb3ba02c12fa4fcfef535f",
        "type": "github"
      },
      "original": {
        "owner": "numtide",
        "repo": "flake-utils",
        "type": "github"
      }
    },
    "mach-nix": {
      "inputs": {
        "flake-utils": [
          "flake-utils"
        ],
        "nixpkgs": [
          "nixpkgs"
        ],
        "pypi-deps-db": [
          "pypi-deps-db"
        ]
      },
      "locked": {
        "lastModified": 1667918925,
        "narHash": "sha256-jCZ4iI4UCOC+T5SEgoCbUzqaeMo5WT3DcFwqwvn2fEs=",
        "owner": "DavHau",
        "repo": "mach-nix",
        "rev": "913e6c16f986746ba5507878ef7ff992804d1fa8",
        "type": "github"
      },
      "original": {
        "id": "mach-nix",
        "type": "indirect"
      }
    },
    "nixpkgs": {
      "locked": {
        "lastModified": 1670559856,
        "narHash": "sha256-xUkgQRFqE6HIFQXs9SIXMZiXcLaH2415UR6w/FnsgcY=",
        "owner": "NixOS",
        "repo": "nixpkgs",
        "rev": "6bc6f77cb171a74001033d94f17f49043a9f1804",
        "type": "github"
      },
      "original": {
        "owner": "NixOS",
        "ref": "nixpkgs-unstable",
        "repo": "nixpkgs",
        "type": "github"
      }
    },
    "nixpkgsPy36": {
      "locked": {
        "lastModified": 1601475821,
        "narHash": "sha256-7AI8j/xq5slauMGwC3Dp2K9TKDyDtBXBebeyWsE9euE=",
        "owner": "NixOS",
        "repo": "nixpkgs",
        "rev": "b4db68ff563895eea6aab4ff24fa04ef403dfe14",
        "type": "github"
      },
      "original": {
        "id": "nixpkgs",
        "rev": "b4db68ff563895eea6aab4ff24fa04ef403dfe14",
        "type": "indirect"
      }
    },
    "pypi-deps-db": {
      "inputs": {
        "mach-nix": [
          "mach-nix"
        ],
        "nixpkgs": [
          "nixpkgs"
        ],
        "nixpkgsPy36": "nixpkgsPy36",
        "pypiIndex": "pypiIndex"
      },
      "locked": {
        "lastModified": 1670518748,
        "narHash": "sha256-pfUce0zlRI+tzxPgvRSKkusjxDCBVjCpkcDKWboHa+U=",
        "owner": "DavHau",
        "repo": "pypi-deps-db",
        "rev": "e9571cac25d2f509e44fec9dc94a3703a40126ff",
        "type": "github"
      },
      "original": {
        "owner": "DavHau",
        "repo": "pypi-deps-db",
        "type": "github"
      }
    },
    "pypiIndex": {
      "flake": false,
      "locked": {
        "lastModified": 1669568973,
        "narHash": "sha256-DGzSjoKAFsgZdOlFcFlnqzxPkxCAKXNvB25BsrehMn8=",
        "owner": "davhau",
        "repo": "nix-pypi-fetcher",
        "rev": "17f523a15e819fae41ab8a55b5f2851872e4c20b",
        "type": "github"
      },
      "original": {
        "owner": "davhau",
        "repo": "nix-pypi-fetcher",
        "type": "github"
      }
    },
    "root": {
      "inputs": {
        "flake-utils": "flake-utils",
        "mach-nix": "mach-nix",
        "nixpkgs": "nixpkgs",
        "pypi-deps-db": "pypi-deps-db"
      }
    }
  },
  "root": "root",
  "version": 7
}
